{
  "object": {
    "pins": [
      {
        "package": "AlpineCore",
        "repositoryURL": "https://github.com/jenyalebid/AlpineCore.git",
        "state": {
          "branch": "main",
          "revision": "1001e68384e295abcf57dcd6f83dea24544ca529",
          "version": null
        }
      },
      {
        "package": "AlpineUI",
        "repositoryURL": "https://github.com/jenyalebid/AlpineUI.git",
        "state": {
          "branch": "main",
          "revision": "f5193a55fc5fad25637434fa557e4d64f9348ab8",
          "version": null
        }
      },
      {
        "package": "Socket",
        "repositoryURL": "https://github.com/Kitura/BlueSocket.git",
        "state": {
          "branch": null,
          "revision": "7b23a867008e0027bfd6f4d398d44720707bc8ca",
          "version": "2.0.4"
        }
      },
      {
        "package": "SSLService",
        "repositoryURL": "https://github.com/Kitura/BlueSSLService",
        "state": {
          "branch": null,
          "revision": "b27a94d063962dfa1bba9f79814c4ef202cf33a4",
          "version": "2.0.2"
        }
      },
      {
        "package": "PostgresClientKit",
        "repositoryURL": "https://github.com/codewinsdotcom/PostgresClientKit.git",
        "state": {
          "branch": null,
          "revision": "356ffe0c43722f192d796300557b3b530a0baebc",
          "version": "1.5.0"
        }
      },
      {
        "package": "Zip",
        "repositoryURL": "https://github.com/marmelroy/Zip.git",
        "state": {
          "branch": null,
          "revision": "67fa55813b9e7b3b9acee9c0ae501def28746d76",
          "version": "2.1.2"
        }
      }
    ]
  },
  "version": 1
}
